{
  "version": 4,
  "terraform_version": "0.12.29",
  "serial": 24,
  "lineage": "0401eb72-0bd5-adeb-422a-01b23a7602c2",
  "outputs": {
    "role": {
      "value": {
        "DeveloperAccessRole": {
          "arn": "arn:aws:iam::401413892014:role/DeveloperAccessRole",
          "assume_role_policy": "{\"Version\":\"2012-10-17\",\"Statement\":[{\"Sid\":\"\",\"Effect\":\"Allow\",\"Principal\":{\"Service\":\"ec2.amazonaws.com\"},\"Action\":\"sts:AssumeRole\"}]}",
          "create_date": "2020-12-03T06:20:24Z",
          "description": "",
          "force_detach_policies": false,
          "id": "DeveloperAccessRole",
          "max_session_duration": 3600,
          "name": "DeveloperAccessRole",
          "name_prefix": null,
          "path": "/",
          "permissions_boundary": null,
          "tags": {},
          "unique_id": "AROAV25RB46XJZSP6XBHK"
        }
      },
      "type": [
        "object",
        {
          "DeveloperAccessRole": [
            "object",
            {
              "arn": "string",
              "assume_role_policy": "string",
              "create_date": "string",
              "description": "string",
              "force_detach_policies": "bool",
              "id": "string",
              "max_session_duration": "number",
              "name": "string",
              "name_prefix": "string",
              "path": "string",
              "permissions_boundary": "string",
              "tags": [
                "map",
                "string"
              ],
              "unique_id": "string"
            }
          ]
        }
      ]
    }
  },
  "resources": [
    {
      "module": "module.dev-iam-role",
      "mode": "managed",
      "type": "aws_iam_role",
      "name": "access_role",
      "each": "map",
      "provider": "module.dev-iam-role.provider.aws",
      "instances": [
        {
          "index_key": "DeveloperAccessRole",
          "schema_version": 0,
          "attributes": {
            "arn": "arn:aws:iam::401413892014:role/DeveloperAccessRole",
            "assume_role_policy": "{\"Version\":\"2012-10-17\",\"Statement\":[{\"Sid\":\"\",\"Effect\":\"Allow\",\"Principal\":{\"Service\":\"ec2.amazonaws.com\"},\"Action\":\"sts:AssumeRole\"}]}",
            "create_date": "2020-12-03T06:20:24Z",
            "description": "",
            "force_detach_policies": false,
            "id": "DeveloperAccessRole",
            "max_session_duration": 3600,
            "name": "DeveloperAccessRole",
            "name_prefix": null,
            "path": "/",
            "permissions_boundary": null,
            "tags": {},
            "unique_id": "AROAV25RB46XJZSP6XBHK"
          }
        }
      ]
    },
    {
      "module": "module.dev-iam-role",
      "mode": "managed",
      "type": "aws_iam_role_policy_attachment",
      "name": "ec2-read",
      "each": "map",
      "provider": "module.dev-iam-role.provider.aws",
      "instances": []
    },
    {
      "module": "module.dev-iam-role",
      "mode": "managed",
      "type": "aws_iam_role_policy_attachment",
      "name": "s3-full",
      "each": "map",
      "provider": "module.dev-iam-role.provider.aws",
      "instances": []
    }
  ]
}
